// !$*UTF8*$!
{
	archiveVersion = 1;
	classes = {
	};
	objectVersion = 46;
	objects = {

/* Begin PBXBuildFile section */
		9960A7131CDE0FE000906902 /* AppDelegate.swift in Sources */ = {isa = PBXBuildFile; fileRef = 9960A7121CDE0FE000906902 /* AppDelegate.swift */; };
		9960A7151CDE0FE000906902 /* ViewController.swift in Sources */ = {isa = PBXBuildFile; fileRef = 9960A7141CDE0FE000906902 /* ViewController.swift */; };
		9960A7181CDE0FE000906902 /* Main.storyboard in Resources */ = {isa = PBXBuildFile; fileRef = 9960A7161CDE0FE000906902 /* Main.storyboard */; };
		9960A71A1CDE0FE000906902 /* Assets.xcassets in Resources */ = {isa = PBXBuildFile; fileRef = 9960A7191CDE0FE000906902 /* Assets.xcassets */; };
		9960A71D1CDE0FE000906902 /* LaunchScreen.storyboard in Resources */ = {isa = PBXBuildFile; fileRef = 9960A71B1CDE0FE000906902 /* LaunchScreen.storyboard */; };
/* End PBXBuildFile section */

/* Begin PBXFileReference section */
		9960A70F1CDE0FE000906902 /* Instagram Client.app */ = {isa = PBXFileReference; explicitFileType = wrapper.application; includeInIndex = 0; path = "Instagram Client.app"; sourceTree = BUILT_PRODUCTS_DIR; };
		9960A7121CDE0FE000906902 /* AppDelegate.swift */ = {isa = PBXFileReference; lastKnownFileType = sourcecode.swift; path = AppDelegate.swift; sourceTree = "<group>"; };
		9960A7141CDE0FE000906902 /* ViewController.swift */ = {isa = PBXFileReference; lastKnownFileType = sourcecode.swift; path = ViewController.swift; sourceTree = "<group>"; };
		9960A7171CDE0FE000906902 /* Base */ = {isa = PBXFileReference; lastKnownFileType = file.storyboard; name = Base; path = Base.lproj/Main.storyboard; sourceTree = "<group>"; };
		9960A7191CDE0FE000906902 /* Assets.xcassets */ = {isa = PBXFileReference; lastKnownFileType = folder.assetcatalog; path = Assets.xcassets; sourceTree = "<group>"; };
		9960A71C1CDE0FE000906902 /* Base */ = {isa = PBXFileReference; lastKnownFileType = file.storyboard; name = Base; path = Base.lproj/LaunchScreen.storyboard; sourceTree = "<group>"; };
		9960A71E1CDE0FE000906902 /* Info.plist */ = {isa = PBXFileReference; lastKnownFileType = text.plist.xml; path = Info.plist; sourceTree = "<group>"; };
/* End PBXFileReference section */

/* Begin PBXFrameworksBuildPhase section */
		9960A70C1CDE0FE000906902 /* Frameworks */ = {
			isa = PBXFrameworksBuildPhase;
			buildActionMask = 2147483647;
			files = (
			);
			runOnlyForDeploymentPostprocessing = 0;
		};
/* End PBXFrameworksBuildPhase section */

/* Begin PBXGroup section */
		9960A7061CDE0FE000906902 = {
			isa = PBXGroup;
			children = (
				9960A7111CDE0FE000906902 /* Instagram Client */,
				9960A7101CDE0FE000906902 /* Products */,
			);
			sourceTree = "<group>";
		};
		9960A7101CDE0FE000906902 /* Products */ = {
			isa = PBXGroup;
			children = (
				9960A70F1CDE0FE000906902 /* Instagram Client.app */,
			);
			name = Products;
			sourceTree = "<group>";
		};
		9960A7111CDE0FE000906902 /* Instagram Client */ = {
			isa = PBXGroup;
			children = (
				9960A7121CDE0FE000906902 /* AppDelegate.swift */,
				9960A7141CDE0FE000906902 /* ViewController.swift */,
				9960A7161CDE0FE000906902 /* Main.storyboard */,
				9960A7191CDE0FE000906902 /* Assets.xcassets */,
				9960A71B1CDE0FE000906902 /* LaunchScreen.storyboard */,
				9960A71E1CDE0FE000906902 /* Info.plist */,
			);
			path = "Instagram Client";
			sourceTree = "<group>";
		};
/* End PBXGroup section */

/* Begin PBXNativeTarget section */
		9960A70E1CDE0FE000906902 /* Instagram Client */ = {
			isa = PBXNativeTarget;
			buildConfigurationList = 9960A7211CDE0FE000906902 /* Build configuration list for PBXNativeTarget "Instagram Client" */;
			buildPhases = (
				9960A70B1CDE0FE000906902 /* Sources */,
				9960A70C1CDE0FE000906902 /* Frameworks */,
				9960A70D1CDE0FE000906902 /* Resources */,
			);
			buildRules = (
			);
			dependencies = (
			);
			name = "Instagram Client";
			productName = "Instagram Client";
			productReference = 9960A70F1CDE0FE000906902 /* Instagram Client.app */;
			productType = "com.apple.product-type.application";
		};
/* End PBXNativeTarget section */

/* Begin PBXProject section */
		9960A7071CDE0FE000906902 /* Project object */ = {
			isa = PBXProject;
			attributes = {
				LastSwiftUpdateCheck = 0730;
				LastUpgradeCheck = 0730;
				ORGANIZATIONNAME = yusuf_kildan;
				TargetAttributes = {
					9960A70E1CDE0FE000906902 = {
						CreatedOnToolsVersion = 7.3;
					};
				};
			};
			buildConfigurationList = 9960A70A1CDE0FE000906902 /* Build configuration list for PBXProject "Instagram Client" */;
			compatibilityVersion = "Xcode 3.2";
			developmentRegion = English;
			hasScannedForEncodings = 0;
			knownRegions = (
				en,
				Base,
			);
			mainGroup = 9960A7061CDE0FE000906902;
			productRefGroup = 9960A7101CDE0FE000906902 /* Products */;
			projectDirPath = "";
			projectRoot = "";
			targets = (
				9960A70E1CDE0FE000906902 /* Instagram Client */,
			);
		};
/* End PBXProject section */

/* Begin PBXResourcesBuildPhase section */
		9960A70D1CDE0FE000906902 /* Resources */ = {
			isa = PBXResourcesBuildPhase;
			buildActionMask = 2147483647;
			files = (
				9960A71D1CDE0FE000906902 /* LaunchScreen.storyboard in Resources */,
				9960A71A1CDE0FE000906902 /* Assets.xcassets in Resources */,
				9960A7181CDE0FE000906902 /* Main.storyboard in Resources */,
			);
			runOnlyForDeploymentPostprocessing = 0;
		};
/* End PBXResourcesBuildPhase section */

/* Begin PBXSourcesBuildPhase section */
		9960A70B1CDE0FE000906902 /* Sources */ = {
			isa = PBXSourcesBuildPhase;
			buildActionMask = 2147483647;
			files = (
				9960A7151CDE0FE000906902 /* ViewController.swift in Sources */,
				9960A7131CDE0FE000906902 /* AppDelegate.swift in Sources */,
			);
			runOnlyForDeploymentPostprocessing = 0;
		};
/* End PBXSourcesBuildPhase section */

/* Begin PBXVariantGroup section */
		9960A7161CDE0FE000906902 /* Main.storyboard */ = {
			isa = PBXVariantGroup;
			children = (
				9960A7171CDE0FE000906902 /* Base */,
			);
			name = Main.storyboard;
			sourceTree = "<group>";
		};
		9960A71B1CDE0FE000906902 /* LaunchScreen.storyboard */ = {
			isa = PBXVariantGroup;
			children = (
				9960A71C1CDE0FE000906902 /* Base */,
			);
			name = LaunchScreen.storyboard;
			sourceTree = "<group>";
		};
/* End PBXVariantGroup section */

/* Begin XCBuildConfiguration section */
		9960A71F1CDE0FE000906902 /* Debug */ = {
			isa = XCBuildConfiguration;
			buildSettings = {
				ALWAYS_SEARCH_USER_PATHS = NO;
				CLANG_ANALYZER_NONNULL = YES;
				CLANG_CXX_LANGUAGE_STANDARD = "gnu++0x";
				CLANG_CXX_LIBRARY = "libc++";
				CLANG_ENABLE_MODULES = YES;
				CLANG_ENABLE_OBJC_ARC = YES;
				CLANG_WARN_BOOL_CONVERSION = YES;
				CLANG_WARN_CONSTANT_CONVERSION = YES;
				CLANG_WARN_DIRECT_OBJC_ISA_USAGE = YES_ERROR;
				CLANG_WARN_EMPTY_BODY = YES;
				CLANG_WARN_ENUM_CONVERSION = YES;
				CLANG_WARN_INT_CONVERSION = YES;
				CLANG_WARN_OBJC_ROOT_CLASS = YES_ERROR;
				CLANG_WARN_UNREACHABLE_CODE = YES;
				CLANG_WARN__DUPLICATE_METHOD_MATCH = YES;
				"CODE_SIGN_IDENTITY[sdk=iphoneos*]" = "iPhone Developer";
				COPY_PHASE_STRIP = NO;
				DEBUG_INFORMATION_FORMAT = dwarf;
				ENABLE_STRICT_OBJC_MSGSEND = YES;
				ENABLE_TESTABILITY = YES;
				GCC_C_LANGUAGE_STANDARD = gnu99;
				GCC_DYNAMIC_NO_PIC = NO;
				GCC_NO_COMMON_BLOCKS = YES;
				GCC_OPTIMIZATION_LEVEL = 0;
				GCC_PREPROCESSOR_DEFINITIONS = (
					"DEBUG=1",
					"$(inherited)",
				);
				GCC_WARN_64_TO_32_BIT_CONVERSION = YES;
				GCC_WARN_ABOUT_RETURN_TYPE = YES_ERROR;
				GCC_WARN_UNDECLARED_SELECTOR = YES;
				GCC_WARN_UNINITIALIZED_AUTOS = YES_AGGRESSIVE;
				GCC_WARN_UNUSED_FUNCTION = YES;
				GCC_WARN_UNUSED_VARIABLE = YES;
				IPHONEOS_DEPLOYMENT_TARGET = 9.3;
				MTL_ENABLE_DEBUG_INFO = YES;
				ONLY_ACTIVE_ARCH = YES;
				SDKROOT = iphoneos;
				SWIFT_OPTIMIZATION_LEVEL = "-Onone";
				TARGETED_DEVICE_FAMILY = "1,2";
			};
			name = Debug;
		};
		9960A7201CDE0FE000906902 /* Release */ = {
			isa = XCBuildConfiguration;
			buildSettings = {
				ALWAYS_SEARCH_USER_PATHS = NO;
				CLANG_ANALYZER_NONNULL = YES;
				CLANG_CXX_LANGUAGE_STANDARD = "gnu++0x";
				CLANG_CXX_LIBRARY = "libc++";
				CLANG_ENABLE_MODULES = YES;
				CLANG_ENABLE_OBJC_ARC = YES;
				CLANG_WARN_BOOL_CONVERSION = YES;
				CLANG_WARN_CONSTANT_CONVERSION = YES;
				CLANG_WARN_DIRECT_OBJC_ISA_USAGE = YES_ERROR;
				CLANG_WARN_EMPTY_BODY = YES;
				CLANG_WARN_ENUM_CONVERSION = YES;
				CLANG_WARN_INT_CONVERSION = YES;
				CLANG_WARN_OBJC_ROOT_CLASS = YES_ERROR;
				CLANG_WARN_UNREACHABLE_CODE = YES;
				CLANG_WARN__DUPLICATE_METHOD_MATCH = YES;
				"CODE_SIGN_IDENTITY[sdk=iphoneos*]" = "iPhone Developer";
				COPY_PHASE_STRIP = NO;
				DEBUG_INFORMATION_FORMAT = "dwarf-with-dsym";
				ENABLE_NS_ASSERTIONS = NO;
				ENABLE_STRICT_OBJC_MSGSEND = YES;
				GCC_C_LANGUAGE_STANDARD = gnu99;
				GCC_NO_COMMON_BLOCKS = YES;
				GCC_WARN_64_TO_32_BIT_CONVERSION = YES;
				GCC_WARN_ABOUT_RETURN_TYPE = YES_ERROR;
				GCC_WARN_UNDECLARED_SELECTOR = YES;
				GCC_WARN_UNINITIALIZED_AUTOS = YES_AGGRESSIVE;
				GCC_WARN_UNUSED_FUNCTION = YES;
				GCC_WARN_UNUSED_VARIABLE = YES;
				IPHONEOS_DEPLOYMENT_TARGET = 9.3;
				MTL_ENABLE_DEBUG_INFO = NO;
				SDKROOT = iphoneos;
				TARGETED_DEVICE_FAMILY = "1,2";
				VALIDATE_PRODUCT = YES;
			};
			name = Release;
		};
		9960A7221CDE0FE000906902 /* Debug */ = {
			isa = XCBuildConfiguration;
			buildSettings = {
				ASSETCATALOG_COMPILER_APPICON_NAME = AppIcon;
				INFOPLIST_FILE = "Instagram Client/Info.plist";
				LD_RUNPATH_SEARCH_PATHS = "$(inherited) @executable_path/Frameworks";
				PRODUCT_BUNDLE_IDENTIFIER = "com.yusufkildan.Instagram-Client";
				PRODUCT_NAME = "$(TARGET_NAME)";
			};
			name = Debug;
		};
		9960A7231CDE0FE000906902 /* Release */ = {
			isa = XCBuildConfiguration;
			buildSettings = {
				ASSETCATALOG_COMPILER_APPICON_NAME = AppIcon;
				INFOPLIST_FILE = "Instagram Client/Info.plist";
				LD_RUNPATH_SEARCH_PATHS = "$(inherited) @executable_path/Frameworks";
				PRODUCT_BUNDLE_IDENTIFIER = "com.yusufkildan.Instagram-Client";
				PRODUCT_NAME = "$(TARGET_NAME)";
			};
			name = Release;
		};
/* End XCBuildConfiguration section */

/* Begin XCConfigurationList section */
		9960A70A1CDE0FE000906902 /* Build configuration list for PBXProject "Instagram Client" */ = {
			isa = XCConfigurationList;
			buildConfigurations = (
				9960A71F1CDE0FE000906902 /* Debug */,
				9960A7201CDE0FE000906902 /* Release */,
			);
			defaultConfigurationIsVisible = 0;
			defaultConfigurationName = Release;
		};
		9960A7211CDE0FE000906902 /* Build configuration list for PBXNativeTarget "Instagram Client" */ = {
			isa = XCConfigurationList;
			buildConfigurations = (
				9960A7221CDE0FE000906902 /* Debug */,
				9960A7231CDE0FE000906902 /* Release */,
			);
			defaultConfigurationIsVisible = 0;
		};
/* End XCConfigurationList section */
	};
	rootObject = 9960A7071CDE0FE000906902 /* Project object */;
}
